// !$*UTF8*$!
{
	archiveVersion = 1;
	classes = {
	};
	objectVersion = 46;
	objects = {

/* Begin PBXBuildFile section */
		134B02FE1CBCE22B00DBA046 /* AsyncButton.swift in Sources */ = {isa = PBXBuildFile; fileRef = 134B02DE1CBCE22B00DBA046 /* AsyncButton.swift */; };
		134B02FF1CBCE22B00DBA046 /* AsyncImageView.swift in Sources */ = {isa = PBXBuildFile; fileRef = 134B02DF1CBCE22B00DBA046 /* AsyncImageView.swift */; };
		134B03001CBCE22B00DBA046 /* AutoTextView.swift in Sources */ = {isa = PBXBuildFile; fileRef = 134B02E01CBCE22B00DBA046 /* AutoTextView.swift */; };
		134B03011CBCE22B00DBA046 /* BlurView.swift in Sources */ = {isa = PBXBuildFile; fileRef = 134B02E11CBCE22B00DBA046 /* BlurView.swift */; };
		134B03021CBCE22B00DBA046 /* DesignableButton.swift in Sources */ = {isa = PBXBuildFile; fileRef = 134B02E21CBCE22B00DBA046 /* DesignableButton.swift */; };
		134B03031CBCE22B00DBA046 /* DesignableImageView.swift in Sources */ = {isa = PBXBuildFile; fileRef = 134B02E31CBCE22B00DBA046 /* DesignableImageView.swift */; };
		134B03041CBCE22B00DBA046 /* DesignableLabel.swift in Sources */ = {isa = PBXBuildFile; fileRef = 134B02E41CBCE22B00DBA046 /* DesignableLabel.swift */; };
		134B03051CBCE22B00DBA046 /* DesignableTabBarController.swift in Sources */ = {isa = PBXBuildFile; fileRef = 134B02E51CBCE22B00DBA046 /* DesignableTabBarController.swift */; };
		134B03061CBCE22B00DBA046 /* DesignableTextField.swift in Sources */ = {isa = PBXBuildFile; fileRef = 134B02E61CBCE22B00DBA046 /* DesignableTextField.swift */; };
		134B03071CBCE22B00DBA046 /* DesignableTextView.swift in Sources */ = {isa = PBXBuildFile; fileRef = 134B02E71CBCE22B00DBA046 /* DesignableTextView.swift */; };
		134B03081CBCE22B00DBA046 /* DesignableView.swift in Sources */ = {isa = PBXBuildFile; fileRef = 134B02E81CBCE22B00DBA046 /* DesignableView.swift */; };
		134B03091CBCE22B00DBA046 /* DRPageScrollView.m in Sources */ = {isa = PBXBuildFile; fileRef = 134B02EA1CBCE22B00DBA046 /* DRPageScrollView.m */; };
		134B030A1CBCE22B00DBA046 /* ImageLoader.swift in Sources */ = {isa = PBXBuildFile; fileRef = 134B02EB1CBCE22B00DBA046 /* ImageLoader.swift */; };
		134B030B1CBCE22B00DBA046 /* Info.plist in Resources */ = {isa = PBXBuildFile; fileRef = 134B02EC1CBCE22B00DBA046 /* Info.plist */; };
		134B030C1CBCE22B00DBA046 /* KeyboardLayoutConstraint.swift in Sources */ = {isa = PBXBuildFile; fileRef = 134B02ED1CBCE22B00DBA046 /* KeyboardLayoutConstraint.swift */; };
		134B030D1CBCE22B00DBA046 /* LoadingView.swift in Sources */ = {isa = PBXBuildFile; fileRef = 134B02EE1CBCE22B00DBA046 /* LoadingView.swift */; };
		134B030E1CBCE22B00DBA046 /* LoadingView.xib in Resources */ = {isa = PBXBuildFile; fileRef = 134B02EF1CBCE22B00DBA046 /* LoadingView.xib */; };
		134B030F1CBCE22B00DBA046 /* Misc.swift in Sources */ = {isa = PBXBuildFile; fileRef = 134B02F01CBCE22B00DBA046 /* Misc.swift */; };
		134B03101CBCE22B00DBA046 /* SoundPlayer.swift in Sources */ = {isa = PBXBuildFile; fileRef = 134B02F11CBCE22B00DBA046 /* SoundPlayer.swift */; };
		134B03111CBCE22B00DBA046 /* Spring.swift in Sources */ = {isa = PBXBuildFile; fileRef = 134B02F31CBCE22B00DBA046 /* Spring.swift */; };
		134B03121CBCE22B00DBA046 /* SpringAnimation.swift in Sources */ = {isa = PBXBuildFile; fileRef = 134B02F41CBCE22B00DBA046 /* SpringAnimation.swift */; };
		134B03131CBCE22B00DBA046 /* SpringButton.swift in Sources */ = {isa = PBXBuildFile; fileRef = 134B02F51CBCE22B00DBA046 /* SpringButton.swift */; };
		134B03141CBCE22B00DBA046 /* SpringImageView.swift in Sources */ = {isa = PBXBuildFile; fileRef = 134B02F61CBCE22B00DBA046 /* SpringImageView.swift */; };
		134B03151CBCE22B00DBA046 /* SpringLabel.swift in Sources */ = {isa = PBXBuildFile; fileRef = 134B02F71CBCE22B00DBA046 /* SpringLabel.swift */; };
		134B03161CBCE22B00DBA046 /* SpringTextField.swift in Sources */ = {isa = PBXBuildFile; fileRef = 134B02F81CBCE22B00DBA046 /* SpringTextField.swift */; };
		134B03171CBCE22B00DBA046 /* SpringTextView.swift in Sources */ = {isa = PBXBuildFile; fileRef = 134B02F91CBCE22B00DBA046 /* SpringTextView.swift */; };
		134B03181CBCE22B00DBA046 /* SpringView.swift in Sources */ = {isa = PBXBuildFile; fileRef = 134B02FA1CBCE22B00DBA046 /* SpringView.swift */; };
		134B03191CBCE22B00DBA046 /* TransitionManager.swift in Sources */ = {isa = PBXBuildFile; fileRef = 134B02FB1CBCE22B00DBA046 /* TransitionManager.swift */; };
		134B031A1CBCE22B00DBA046 /* TransitionZoom.swift in Sources */ = {isa = PBXBuildFile; fileRef = 134B02FC1CBCE22B00DBA046 /* TransitionZoom.swift */; };
		134B031B1CBCE22B00DBA046 /* UnwindSegue.swift in Sources */ = {isa = PBXBuildFile; fileRef = 134B02FD1CBCE22B00DBA046 /* UnwindSegue.swift */; };
		136C1DFD1CBCD75A006E5546 /* AppDelegate.swift in Sources */ = {isa = PBXBuildFile; fileRef = 136C1DFC1CBCD75A006E5546 /* AppDelegate.swift */; };
		136C1DFF1CBCD75A006E5546 /* ViewController.swift in Sources */ = {isa = PBXBuildFile; fileRef = 136C1DFE1CBCD75A006E5546 /* ViewController.swift */; };
		136C1E021CBCD75A006E5546 /* Main.storyboard in Resources */ = {isa = PBXBuildFile; fileRef = 136C1E001CBCD75A006E5546 /* Main.storyboard */; };
		136C1E041CBCD75A006E5546 /* Assets.xcassets in Resources */ = {isa = PBXBuildFile; fileRef = 136C1E031CBCD75A006E5546 /* Assets.xcassets */; };
		136C1E071CBCD75A006E5546 /* LaunchScreen.storyboard in Resources */ = {isa = PBXBuildFile; fileRef = 136C1E051CBCD75A006E5546 /* LaunchScreen.storyboard */; };
		136C1E121CBCD75B006E5546 /* MoonshotDemoTests.swift in Sources */ = {isa = PBXBuildFile; fileRef = 136C1E111CBCD75B006E5546 /* MoonshotDemoTests.swift */; };
/* End PBXBuildFile section */

/* Begin PBXContainerItemProxy section */
		136C1E0E1CBCD75B006E5546 /* PBXContainerItemProxy */ = {
			isa = PBXContainerItemProxy;
			containerPortal = 136C1DF11CBCD75A006E5546 /* Project object */;
			proxyType = 1;
			remoteGlobalIDString = 136C1DF81CBCD75A006E5546;
			remoteInfo = MoonshotDemo;
		};
/* End PBXContainerItemProxy section */

/* Begin PBXFileReference section */
		134B02DE1CBCE22B00DBA046 /* AsyncButton.swift */ = {isa = PBXFileReference; fileEncoding = 4; lastKnownFileType = sourcecode.swift; path = AsyncButton.swift; sourceTree = "<group>"; };
		134B02DF1CBCE22B00DBA046 /* AsyncImageView.swift */ = {isa = PBXFileReference; fileEncoding = 4; lastKnownFileType = sourcecode.swift; path = AsyncImageView.swift; sourceTree = "<group>"; };
		134B02E01CBCE22B00DBA046 /* AutoTextView.swift */ = {isa = PBXFileReference; fileEncoding = 4; lastKnownFileType = sourcecode.swift; path = AutoTextView.swift; sourceTree = "<group>"; };
		134B02E11CBCE22B00DBA046 /* BlurView.swift */ = {isa = PBXFileReference; fileEncoding = 4; lastKnownFileType = sourcecode.swift; path = BlurView.swift; sourceTree = "<group>"; };
		134B02E21CBCE22B00DBA046 /* DesignableButton.swift */ = {isa = PBXFileReference; fileEncoding = 4; lastKnownFileType = sourcecode.swift; path = DesignableButton.swift; sourceTree = "<group>"; };
		134B02E31CBCE22B00DBA046 /* DesignableImageView.swift */ = {isa = PBXFileReference; fileEncoding = 4; lastKnownFileType = sourcecode.swift; path = DesignableImageView.swift; sourceTree = "<group>"; };
		134B02E41CBCE22B00DBA046 /* DesignableLabel.swift */ = {isa = PBXFileReference; fileEncoding = 4; lastKnownFileType = sourcecode.swift; path = DesignableLabel.swift; sourceTree = "<group>"; };
		134B02E51CBCE22B00DBA046 /* DesignableTabBarController.swift */ = {isa = PBXFileReference; fileEncoding = 4; lastKnownFileType = sourcecode.swift; path = DesignableTabBarController.swift; sourceTree = "<group>"; };
		134B02E61CBCE22B00DBA046 /* DesignableTextField.swift */ = {isa = PBXFileReference; fileEncoding = 4; lastKnownFileType = sourcecode.swift; path = DesignableTextField.swift; sourceTree = "<group>"; };
		134B02E71CBCE22B00DBA046 /* DesignableTextView.swift */ = {isa = PBXFileReference; fileEncoding = 4; lastKnownFileType = sourcecode.swift; path = DesignableTextView.swift; sourceTree = "<group>"; };
		134B02E81CBCE22B00DBA046 /* DesignableView.swift */ = {isa = PBXFileReference; fileEncoding = 4; lastKnownFileType = sourcecode.swift; path = DesignableView.swift; sourceTree = "<group>"; };
		134B02E91CBCE22B00DBA046 /* DRPageScrollView.h */ = {isa = PBXFileReference; fileEncoding = 4; lastKnownFileType = sourcecode.c.h; path = DRPageScrollView.h; sourceTree = "<group>"; };
		134B02EA1CBCE22B00DBA046 /* DRPageScrollView.m */ = {isa = PBXFileReference; fileEncoding = 4; lastKnownFileType = sourcecode.c.objc; path = DRPageScrollView.m; sourceTree = "<group>"; };
		134B02EB1CBCE22B00DBA046 /* ImageLoader.swift */ = {isa = PBXFileReference; fileEncoding = 4; lastKnownFileType = sourcecode.swift; path = ImageLoader.swift; sourceTree = "<group>"; };
		134B02EC1CBCE22B00DBA046 /* Info.plist */ = {isa = PBXFileReference; fileEncoding = 4; lastKnownFileType = text.plist.xml; path = Info.plist; sourceTree = "<group>"; };
		134B02ED1CBCE22B00DBA046 /* KeyboardLayoutConstraint.swift */ = {isa = PBXFileReference; fileEncoding = 4; lastKnownFileType = sourcecode.swift; path = KeyboardLayoutConstraint.swift; sourceTree = "<group>"; };
		134B02EE1CBCE22B00DBA046 /* LoadingView.swift */ = {isa = PBXFileReference; fileEncoding = 4; lastKnownFileType = sourcecode.swift; path = LoadingView.swift; sourceTree = "<group>"; };
		134B02EF1CBCE22B00DBA046 /* LoadingView.xib */ = {isa = PBXFileReference; fileEncoding = 4; lastKnownFileType = file.xib; path = LoadingView.xib; sourceTree = "<group>"; };
		134B02F01CBCE22B00DBA046 /* Misc.swift */ = {isa = PBXFileReference; fileEncoding = 4; lastKnownFileType = sourcecode.swift; path = Misc.swift; sourceTree = "<group>"; };
		134B02F11CBCE22B00DBA046 /* SoundPlayer.swift */ = {isa = PBXFileReference; fileEncoding = 4; lastKnownFileType = sourcecode.swift; path = SoundPlayer.swift; sourceTree = "<group>"; };
		134B02F21CBCE22B00DBA046 /* Spring.h */ = {isa = PBXFileReference; fileEncoding = 4; lastKnownFileType = sourcecode.c.h; path = Spring.h; sourceTree = "<group>"; };
		134B02F31CBCE22B00DBA046 /* Spring.swift */ = {isa = PBXFileReference; fileEncoding = 4; lastKnownFileType = sourcecode.swift; path = Spring.swift; sourceTree = "<group>"; };
		134B02F41CBCE22B00DBA046 /* SpringAnimation.swift */ = {isa = PBXFileReference; fileEncoding = 4; lastKnownFileType = sourcecode.swift; path = SpringAnimation.swift; sourceTree = "<group>"; };
		134B02F51CBCE22B00DBA046 /* SpringButton.swift */ = {isa = PBXFileReference; fileEncoding = 4; lastKnownFileType = sourcecode.swift; path = SpringButton.swift; sourceTree = "<group>"; };
		134B02F61CBCE22B00DBA046 /* SpringImageView.swift */ = {isa = PBXFileReference; fileEncoding = 4; lastKnownFileType = sourcecode.swift; path = SpringImageView.swift; sourceTree = "<group>"; };
		134B02F71CBCE22B00DBA046 /* SpringLabel.swift */ = {isa = PBXFileReference; fileEncoding = 4; lastKnownFileType = sourcecode.swift; path = SpringLabel.swift; sourceTree = "<group>"; };
		134B02F81CBCE22B00DBA046 /* SpringTextField.swift */ = {isa = PBXFileReference; fileEncoding = 4; lastKnownFileType = sourcecode.swift; path = SpringTextField.swift; sourceTree = "<group>"; };
		134B02F91CBCE22B00DBA046 /* SpringTextView.swift */ = {isa = PBXFileReference; fileEncoding = 4; lastKnownFileType = sourcecode.swift; path = SpringTextView.swift; sourceTree = "<group>"; };
		134B02FA1CBCE22B00DBA046 /* SpringView.swift */ = {isa = PBXFileReference; fileEncoding = 4; lastKnownFileType = sourcecode.swift; path = SpringView.swift; sourceTree = "<group>"; };
		134B02FB1CBCE22B00DBA046 /* TransitionManager.swift */ = {isa = PBXFileReference; fileEncoding = 4; lastKnownFileType = sourcecode.swift; path = TransitionManager.swift; sourceTree = "<group>"; };
		134B02FC1CBCE22B00DBA046 /* TransitionZoom.swift */ = {isa = PBXFileReference; fileEncoding = 4; lastKnownFileType = sourcecode.swift; path = TransitionZoom.swift; sourceTree = "<group>"; };
		134B02FD1CBCE22B00DBA046 /* UnwindSegue.swift */ = {isa = PBXFileReference; fileEncoding = 4; lastKnownFileType = sourcecode.swift; path = UnwindSegue.swift; sourceTree = "<group>"; };
		136C1DF91CBCD75A006E5546 /* MoonshotDemo.app */ = {isa = PBXFileReference; explicitFileType = wrapper.application; includeInIndex = 0; path = MoonshotDemo.app; sourceTree = BUILT_PRODUCTS_DIR; };
		136C1DFC1CBCD75A006E5546 /* AppDelegate.swift */ = {isa = PBXFileReference; lastKnownFileType = sourcecode.swift; path = AppDelegate.swift; sourceTree = "<group>"; };
		136C1DFE1CBCD75A006E5546 /* ViewController.swift */ = {isa = PBXFileReference; lastKnownFileType = sourcecode.swift; path = ViewController.swift; sourceTree = "<group>"; };
		136C1E011CBCD75A006E5546 /* Base */ = {isa = PBXFileReference; lastKnownFileType = file.storyboard; name = Base; path = Base.lproj/Main.storyboard; sourceTree = "<group>"; };
		136C1E031CBCD75A006E5546 /* Assets.xcassets */ = {isa = PBXFileReference; lastKnownFileType = folder.assetcatalog; path = Assets.xcassets; sourceTree = "<group>"; };
		136C1E061CBCD75A006E5546 /* Base */ = {isa = PBXFileReference; lastKnownFileType = file.storyboard; name = Base; path = Base.lproj/LaunchScreen.storyboard; sourceTree = "<group>"; };
		136C1E081CBCD75A006E5546 /* Info.plist */ = {isa = PBXFileReference; lastKnownFileType = text.plist.xml; path = Info.plist; sourceTree = "<group>"; };
		136C1E0D1CBCD75B006E5546 /* MoonshotDemoTests.xctest */ = {isa = PBXFileReference; explicitFileType = wrapper.cfbundle; includeInIndex = 0; path = MoonshotDemoTests.xctest; sourceTree = BUILT_PRODUCTS_DIR; };
		136C1E111CBCD75B006E5546 /* MoonshotDemoTests.swift */ = {isa = PBXFileReference; lastKnownFileType = sourcecode.swift; path = MoonshotDemoTests.swift; sourceTree = "<group>"; };
		136C1E131CBCD75B006E5546 /* Info.plist */ = {isa = PBXFileReference; lastKnownFileType = text.plist.xml; path = Info.plist; sourceTree = "<group>"; };
/* End PBXFileReference section */

/* Begin PBXFrameworksBuildPhase section */
		136C1DF61CBCD75A006E5546 /* Frameworks */ = {
			isa = PBXFrameworksBuildPhase;
			buildActionMask = 2147483647;
			files = (
			);
			runOnlyForDeploymentPostprocessing = 0;
		};
		136C1E0A1CBCD75B006E5546 /* Frameworks */ = {
			isa = PBXFrameworksBuildPhase;
			buildActionMask = 2147483647;
			files = (
			);
			runOnlyForDeploymentPostprocessing = 0;
		};
/* End PBXFrameworksBuildPhase section */

/* Begin PBXGroup section */
		134B02DD1CBCE22B00DBA046 /* Spring */ = {
			isa = PBXGroup;
			children = (
				134B02DE1CBCE22B00DBA046 /* AsyncButton.swift */,
				134B02DF1CBCE22B00DBA046 /* AsyncImageView.swift */,
				134B02E01CBCE22B00DBA046 /* AutoTextView.swift */,
				134B02E11CBCE22B00DBA046 /* BlurView.swift */,
				134B02E21CBCE22B00DBA046 /* DesignableButton.swift */,
				134B02E31CBCE22B00DBA046 /* DesignableImageView.swift */,
				134B02E41CBCE22B00DBA046 /* DesignableLabel.swift */,
				134B02E51CBCE22B00DBA046 /* DesignableTabBarController.swift */,
				134B02E61CBCE22B00DBA046 /* DesignableTextField.swift */,
				134B02E71CBCE22B00DBA046 /* DesignableTextView.swift */,
				134B02E81CBCE22B00DBA046 /* DesignableView.swift */,
				134B02E91CBCE22B00DBA046 /* DRPageScrollView.h */,
				134B02EA1CBCE22B00DBA046 /* DRPageScrollView.m */,
				134B02EB1CBCE22B00DBA046 /* ImageLoader.swift */,
				134B02EC1CBCE22B00DBA046 /* Info.plist */,
				134B02ED1CBCE22B00DBA046 /* KeyboardLayoutConstraint.swift */,
				134B02EE1CBCE22B00DBA046 /* LoadingView.swift */,
				134B02EF1CBCE22B00DBA046 /* LoadingView.xib */,
				134B02F01CBCE22B00DBA046 /* Misc.swift */,
				134B02F11CBCE22B00DBA046 /* SoundPlayer.swift */,
				134B02F21CBCE22B00DBA046 /* Spring.h */,
				134B02F31CBCE22B00DBA046 /* Spring.swift */,
				134B02F41CBCE22B00DBA046 /* SpringAnimation.swift */,
				134B02F51CBCE22B00DBA046 /* SpringButton.swift */,
				134B02F61CBCE22B00DBA046 /* SpringImageView.swift */,
				134B02F71CBCE22B00DBA046 /* SpringLabel.swift */,
				134B02F81CBCE22B00DBA046 /* SpringTextField.swift */,
				134B02F91CBCE22B00DBA046 /* SpringTextView.swift */,
				134B02FA1CBCE22B00DBA046 /* SpringView.swift */,
				134B02FB1CBCE22B00DBA046 /* TransitionManager.swift */,
				134B02FC1CBCE22B00DBA046 /* TransitionZoom.swift */,
				134B02FD1CBCE22B00DBA046 /* UnwindSegue.swift */,
			);
			path = Spring;
			sourceTree = "<group>";
		};
		136C1DF01CBCD75A006E5546 = {
			isa = PBXGroup;
			children = (
				136C1DFB1CBCD75A006E5546 /* MoonshotDemo */,
				136C1E101CBCD75B006E5546 /* MoonshotDemoTests */,
				136C1DFA1CBCD75A006E5546 /* Products */,
			);
			sourceTree = "<group>";
		};
		136C1DFA1CBCD75A006E5546 /* Products */ = {
			isa = PBXGroup;
			children = (
				136C1DF91CBCD75A006E5546 /* MoonshotDemo.app */,
				136C1E0D1CBCD75B006E5546 /* MoonshotDemoTests.xctest */,
			);
			name = Products;
			sourceTree = "<group>";
		};
		136C1DFB1CBCD75A006E5546 /* MoonshotDemo */ = {
			isa = PBXGroup;
			children = (
				134B02DD1CBCE22B00DBA046 /* Spring */,
				136C1DFC1CBCD75A006E5546 /* AppDelegate.swift */,
				136C1DFE1CBCD75A006E5546 /* ViewController.swift */,
				136C1E001CBCD75A006E5546 /* Main.storyboard */,
				136C1E031CBCD75A006E5546 /* Assets.xcassets */,
				136C1E051CBCD75A006E5546 /* LaunchScreen.storyboard */,
				136C1E081CBCD75A006E5546 /* Info.plist */,
			);
			path = MoonshotDemo;
			sourceTree = "<group>";
		};
		136C1E101CBCD75B006E5546 /* MoonshotDemoTests */ = {
			isa = PBXGroup;
			children = (
				136C1E111CBCD75B006E5546 /* MoonshotDemoTests.swift */,
				136C1E131CBCD75B006E5546 /* Info.plist */,
			);
			path = MoonshotDemoTests;
			sourceTree = "<group>";
		};
/* End PBXGroup section */

/* Begin PBXNativeTarget section */
		136C1DF81CBCD75A006E5546 /* MoonshotDemo */ = {
			isa = PBXNativeTarget;
			buildConfigurationList = 136C1E161CBCD75B006E5546 /* Build configuration list for PBXNativeTarget "MoonshotDemo" */;
			buildPhases = (
				136C1DF51CBCD75A006E5546 /* Sources */,
				136C1DF61CBCD75A006E5546 /* Frameworks */,
				136C1DF71CBCD75A006E5546 /* Resources */,
			);
			buildRules = (
			);
			dependencies = (
			);
			name = MoonshotDemo;
			productName = MoonshotDemo;
			productReference = 136C1DF91CBCD75A006E5546 /* MoonshotDemo.app */;
			productType = "com.apple.product-type.application";
		};
		136C1E0C1CBCD75B006E5546 /* MoonshotDemoTests */ = {
			isa = PBXNativeTarget;
			buildConfigurationList = 136C1E191CBCD75B006E5546 /* Build configuration list for PBXNativeTarget "MoonshotDemoTests" */;
			buildPhases = (
				136C1E091CBCD75B006E5546 /* Sources */,
				136C1E0A1CBCD75B006E5546 /* Frameworks */,
				136C1E0B1CBCD75B006E5546 /* Resources */,
			);
			buildRules = (
			);
			dependencies = (
				136C1E0F1CBCD75B006E5546 /* PBXTargetDependency */,
			);
			name = MoonshotDemoTests;
			productName = MoonshotDemoTests;
			productReference = 136C1E0D1CBCD75B006E5546 /* MoonshotDemoTests.xctest */;
			productType = "com.apple.product-type.bundle.unit-test";
		};
/* End PBXNativeTarget section */

/* Begin PBXProject section */
		136C1DF11CBCD75A006E5546 /* Project object */ = {
			isa = PBXProject;
			attributes = {
				LastSwiftUpdateCheck = 0720;
				LastUpgradeCheck = 0720;
				ORGANIZATIONNAME = Dachang;
				TargetAttributes = {
					136C1DF81CBCD75A006E5546 = {
						CreatedOnToolsVersion = 7.2.1;
					};
					136C1E0C1CBCD75B006E5546 = {
						CreatedOnToolsVersion = 7.2.1;
						TestTargetID = 136C1DF81CBCD75A006E5546;
					};
				};
			};
			buildConfigurationList = 136C1DF41CBCD75A006E5546 /* Build configuration list for PBXProject "MoonshotDemo" */;
			compatibilityVersion = "Xcode 3.2";
			developmentRegion = English;
			hasScannedForEncodings = 0;
			knownRegions = (
				en,
				Base,
			);
			mainGroup = 136C1DF01CBCD75A006E5546;
			productRefGroup = 136C1DFA1CBCD75A006E5546 /* Products */;
			projectDirPath = "";
			projectRoot = "";
			targets = (
				136C1DF81CBCD75A006E5546 /* MoonshotDemo */,
				136C1E0C1CBCD75B006E5546 /* MoonshotDemoTests */,
			);
		};
/* End PBXProject section */

/* Begin PBXResourcesBuildPhase section */
		136C1DF71CBCD75A006E5546 /* Resources */ = {
			isa = PBXResourcesBuildPhase;
			buildActionMask = 2147483647;
			files = (
				134B030B1CBCE22B00DBA046 /* Info.plist in Resources */,
				136C1E071CBCD75A006E5546 /* LaunchScreen.storyboard in Resources */,
				136C1E041CBCD75A006E5546 /* Assets.xcassets in Resources */,
				136C1E021CBCD75A006E5546 /* Main.storyboard in Resources */,
				134B030E1CBCE22B00DBA046 /* LoadingView.xib in Resources */,
			);
			runOnlyForDeploymentPostprocessing = 0;
		};
		136C1E0B1CBCD75B006E5546 /* Resources */ = {
			isa = PBXResourcesBuildPhase;
			buildActionMask = 2147483647;
			files = (
			);
			runOnlyForDeploymentPostprocessing = 0;
		};
/* End PBXResourcesBuildPhase section */

/* Begin PBXSourcesBuildPhase section */
		136C1DF51CBCD75A006E5546 /* Sources */ = {
			isa = PBXSourcesBuildPhase;
			buildActionMask = 2147483647;
			files = (
				134B03031CBCE22B00DBA046 /* DesignableImageView.swift in Sources */,
				134B03141CBCE22B00DBA046 /* SpringImageView.swift in Sources */,
				136C1DFF1CBCD75A006E5546 /* ViewController.swift in Sources */,
				134B030A1CBCE22B00DBA046 /* ImageLoader.swift in Sources */,
				134B030F1CBCE22B00DBA046 /* Misc.swift in Sources */,
				136C1DFD1CBCD75A006E5546 /* AppDelegate.swift in Sources */,
				134B031B1CBCE22B00DBA046 /* UnwindSegue.swift in Sources */,
				134B030D1CBCE22B00DBA046 /* LoadingView.swift in Sources */,
				134B03161CBCE22B00DBA046 /* SpringTextField.swift in Sources */,
				134B03111CBCE22B00DBA046 /* Spring.swift in Sources */,
				134B03081CBCE22B00DBA046 /* DesignableView.swift in Sources */,
				134B03101CBCE22B00DBA046 /* SoundPlayer.swift in Sources */,
				134B03021CBCE22B00DBA046 /* DesignableButton.swift in Sources */,
				134B03061CBCE22B00DBA046 /* DesignableTextField.swift in Sources */,
				134B02FE1CBCE22B00DBA046 /* AsyncButton.swift in Sources */,
				134B02FF1CBCE22B00DBA046 /* AsyncImageView.swift in Sources */,
				134B031A1CBCE22B00DBA046 /* TransitionZoom.swift in Sources */,
				134B03051CBCE22B00DBA046 /* DesignableTabBarController.swift in Sources */,
				134B03191CBCE22B00DBA046 /* TransitionManager.swift in Sources */,
				134B03151CBCE22B00DBA046 /* SpringLabel.swift in Sources */,
				134B03001CBCE22B00DBA046 /* AutoTextView.swift in Sources */,
				134B03091CBCE22B00DBA046 /* DRPageScrollView.m in Sources */,
				134B03071CBCE22B00DBA046 /* DesignableTextView.swift in Sources */,
				134B03181CBCE22B00DBA046 /* SpringView.swift in Sources */,
				134B03171CBCE22B00DBA046 /* SpringTextView.swift in Sources */,
				134B030C1CBCE22B00DBA046 /* KeyboardLayoutConstraint.swift in Sources */,
				134B03131CBCE22B00DBA046 /* SpringButton.swift in Sources */,
				134B03121CBCE22B00DBA046 /* SpringAnimation.swift in Sources */,
				134B03041CBCE22B00DBA046 /* DesignableLabel.swift in Sources */,
				134B03011CBCE22B00DBA046 /* BlurView.swift in Sources */,
			);
			runOnlyForDeploymentPostprocessing = 0;
		};
		136C1E091CBCD75B006E5546 /* Sources */ = {
			isa = PBXSourcesBuildPhase;
			buildActionMask = 2147483647;
			files = (
				136C1E121CBCD75B006E5546 /* MoonshotDemoTests.swift in Sources */,
			);
			runOnlyForDeploymentPostprocessing = 0;
		};
/* End PBXSourcesBuildPhase section */

/* Begin PBXTargetDependency section */
		136C1E0F1CBCD75B006E5546 /* PBXTargetDependency */ = {
			isa = PBXTargetDependency;
			target = 136C1DF81CBCD75A006E5546 /* MoonshotDemo */;
			targetProxy = 136C1E0E1CBCD75B006E5546 /* PBXContainerItemProxy */;
		};
/* End PBXTargetDependency section */

/* Begin PBXVariantGroup section */
		136C1E001CBCD75A006E5546 /* Main.storyboard */ = {
			isa = PBXVariantGroup;
			children = (
				136C1E011CBCD75A006E5546 /* Base */,
			);
			name = Main.storyboard;
			sourceTree = "<group>";
		};
		136C1E051CBCD75A006E5546 /* LaunchScreen.storyboard */ = {
			isa = PBXVariantGroup;
			children = (
				136C1E061CBCD75A006E5546 /* Base */,
			);
			name = LaunchScreen.storyboard;
			sourceTree = "<group>";
		};
/* End PBXVariantGroup section */

/* Begin XCBuildConfiguration section */
		136C1E141CBCD75B006E5546 /* Debug */ = {
			isa = XCBuildConfiguration;
			buildSettings = {
				ALWAYS_SEARCH_USER_PATHS = NO;
				CLANG_CXX_LANGUAGE_STANDARD = "gnu++0x";
				CLANG_CXX_LIBRARY = "libc++";
				CLANG_ENABLE_MODULES = YES;
				CLANG_ENABLE_OBJC_ARC = YES;
				CLANG_WARN_BOOL_CONVERSION = YES;
				CLANG_WARN_CONSTANT_CONVERSION = YES;
				CLANG_WARN_DIRECT_OBJC_ISA_USAGE = YES_ERROR;
				CLANG_WARN_EMPTY_BODY = YES;
				CLANG_WARN_ENUM_CONVERSION = YES;
				CLANG_WARN_INT_CONVERSION = YES;
				CLANG_WARN_OBJC_ROOT_CLASS = YES_ERROR;
				CLANG_WARN_UNREACHABLE_CODE = YES;
				CLANG_WARN__DUPLICATE_METHOD_MATCH = YES;
				"CODE_SIGN_IDENTITY[sdk=iphoneos*]" = "iPhone Developer";
				COPY_PHASE_STRIP = NO;
				DEBUG_INFORMATION_FORMAT = dwarf;
				ENABLE_STRICT_OBJC_MSGSEND = YES;
				ENABLE_TESTABILITY = YES;
				GCC_C_LANGUAGE_STANDARD = gnu99;
				GCC_DYNAMIC_NO_PIC = NO;
				GCC_NO_COMMON_BLOCKS = YES;
				GCC_OPTIMIZATION_LEVEL = 0;
				GCC_PREPROCESSOR_DEFINITIONS = (
					"DEBUG=1",
					"$(inherited)",
				);
				GCC_WARN_64_TO_32_BIT_CONVERSION = YES;
				GCC_WARN_ABOUT_RETURN_TYPE = YES_ERROR;
				GCC_WARN_UNDECLARED_SELECTOR = YES;
				GCC_WARN_UNINITIALIZED_AUTOS = YES_AGGRESSIVE;
				GCC_WARN_UNUSED_FUNCTION = YES;
				GCC_WARN_UNUSED_VARIABLE = YES;
				IPHONEOS_DEPLOYMENT_TARGET = 9.2;
				MTL_ENABLE_DEBUG_INFO = YES;
				ONLY_ACTIVE_ARCH = YES;
				SDKROOT = iphoneos;
				SWIFT_OPTIMIZATION_LEVEL = "-Onone";
				TARGETED_DEVICE_FAMILY = 2;
			};
			name = Debug;
		};
		136C1E151CBCD75B006E5546 /* Release */ = {
			isa = XCBuildConfiguration;
			buildSettings = {
				ALWAYS_SEARCH_USER_PATHS = NO;
				CLANG_CXX_LANGUAGE_STANDARD = "gnu++0x";
				CLANG_CXX_LIBRARY = "libc++";
				CLANG_ENABLE_MODULES = YES;
				CLANG_ENABLE_OBJC_ARC = YES;
				CLANG_WARN_BOOL_CONVERSION = YES;
				CLANG_WARN_CONSTANT_CONVERSION = YES;
				CLANG_WARN_DIRECT_OBJC_ISA_USAGE = YES_ERROR;
				CLANG_WARN_EMPTY_BODY = YES;
				CLANG_WARN_ENUM_CONVERSION = YES;
				CLANG_WARN_INT_CONVERSION = YES;
				CLANG_WARN_OBJC_ROOT_CLASS = YES_ERROR;
				CLANG_WARN_UNREACHABLE_CODE = YES;
				CLANG_WARN__DUPLICATE_METHOD_MATCH = YES;
				"CODE_SIGN_IDENTITY[sdk=iphoneos*]" = "iPhone Developer";
				COPY_PHASE_STRIP = NO;
				DEBUG_INFORMATION_FORMAT = "dwarf-with-dsym";
				ENABLE_NS_ASSERTIONS = NO;
				ENABLE_STRICT_OBJC_MSGSEND = YES;
				GCC_C_LANGUAGE_STANDARD = gnu99;
				GCC_NO_COMMON_BLOCKS = YES;
				GCC_WARN_64_TO_32_BIT_CONVERSION = YES;
				GCC_WARN_ABOUT_RETURN_TYPE = YES_ERROR;
				GCC_WARN_UNDECLARED_SELECTOR = YES;
				GCC_WARN_UNINITIALIZED_AUTOS = YES_AGGRESSIVE;
				GCC_WARN_UNUSED_FUNCTION = YES;
				GCC_WARN_UNUSED_VARIABLE = YES;
				IPHONEOS_DEPLOYMENT_TARGET = 9.2;
				MTL_ENABLE_DEBUG_INFO = NO;
				SDKROOT = iphoneos;
				TARGETED_DEVICE_FAMILY = 2;
				VALIDATE_PRODUCT = YES;
			};
			name = Release;
		};
		136C1E171CBCD75B006E5546 /* Debug */ = {
			isa = XCBuildConfiguration;
			buildSettings = {
				ASSETCATALOG_COMPILER_APPICON_NAME = AppIcon;
				INFOPLIST_FILE = MoonshotDemo/Info.plist;
				LD_RUNPATH_SEARCH_PATHS = "$(inherited) @executable_path/Frameworks";
				PRODUCT_BUNDLE_IDENTIFIER = com.OceanDev.MoonshotDemo;
				PRODUCT_NAME = "$(TARGET_NAME)";
			};
			name = Debug;
		};
		136C1E181CBCD75B006E5546 /* Release */ = {
			isa = XCBuildConfiguration;
			buildSettings = {
				ASSETCATALOG_COMPILER_APPICON_NAME = AppIcon;
				INFOPLIST_FILE = MoonshotDemo/Info.plist;
				LD_RUNPATH_SEARCH_PATHS = "$(inherited) @executable_path/Frameworks";
				PRODUCT_BUNDLE_IDENTIFIER = com.OceanDev.MoonshotDemo;
				PRODUCT_NAME = "$(TARGET_NAME)";
			};
			name = Release;
		};
		136C1E1A1CBCD75B006E5546 /* Debug */ = {
			isa = XCBuildConfiguration;
			buildSettings = {
				BUNDLE_LOADER = "$(TEST_HOST)";
				INFOPLIST_FILE = MoonshotDemoTests/Info.plist;
				LD_RUNPATH_SEARCH_PATHS = "$(inherited) @executable_path/Frameworks @loader_path/Frameworks";
				PRODUCT_BUNDLE_IDENTIFIER = com.OceanDev.MoonshotDemoTests;
				PRODUCT_NAME = "$(TARGET_NAME)";
				TEST_HOST = "$(BUILT_PRODUCTS_DIR)/MoonshotDemo.app/MoonshotDemo";
			};
			name = Debug;
		};
		136C1E1B1CBCD75B006E5546 /* Release */ = {
			isa = XCBuildConfiguration;
			buildSettings = {
				BUNDLE_LOADER = "$(TEST_HOST)";
				INFOPLIST_FILE = MoonshotDemoTests/Info.plist;
				LD_RUNPATH_SEARCH_PATHS = "$(inherited) @executable_path/Frameworks @loader_path/Frameworks";
				PRODUCT_BUNDLE_IDENTIFIER = com.OceanDev.MoonshotDemoTests;
				PRODUCT_NAME = "$(TARGET_NAME)";
				TEST_HOST = "$(BUILT_PRODUCTS_DIR)/MoonshotDemo.app/MoonshotDemo";
			};
			name = Release;
		};
/* End XCBuildConfiguration section */

/* Begin XCConfigurationList section */
		136C1DF41CBCD75A006E5546 /* Build configuration list for PBXProject "MoonshotDemo" */ = {
			isa = XCConfigurationList;
			buildConfigurations = (
				136C1E141CBCD75B006E5546 /* Debug */,
				136C1E151CBCD75B006E5546 /* Release */,
			);
			defaultConfigurationIsVisible = 0;
			defaultConfigurationName = Release;
		};
		136C1E161CBCD75B006E5546 /* Build configuration list for PBXNativeTarget "MoonshotDemo" */ = {
			isa = XCConfigurationList;
			buildConfigurations = (
				136C1E171CBCD75B006E5546 /* Debug */,
				136C1E181CBCD75B006E5546 /* Release */,
			);
			defaultConfigurationIsVisible = 0;
			defaultConfigurationName = Release;
		};
		136C1E191CBCD75B006E5546 /* Build configuration list for PBXNativeTarget "MoonshotDemoTests" */ = {
			isa = XCConfigurationList;
			buildConfigurations = (
				136C1E1A1CBCD75B006E5546 /* Debug */,
				136C1E1B1CBCD75B006E5546 /* Release */,
			);
			defaultConfigurationIsVisible = 0;
			defaultConfigurationName = Release;
		};
/* End XCConfigurationList section */
	};
	rootObject = 136C1DF11CBCD75A006E5546 /* Project object */;
}
