// !$*UTF8*$!
{
	archiveVersion = 1;
	classes = {
	};
	objectVersion = 46;
	objects = {

/* Begin PBXBuildFile section */
		136C1DFD1CBCD75A006E5546 /* AppDelegate.swift in Sources */ = {isa = PBXBuildFile; fileRef = 136C1DFC1CBCD75A006E5546 /* AppDelegate.swift */; };
		136C1DFF1CBCD75A006E5546 /* ViewController.swift in Sources */ = {isa = PBXBuildFile; fileRef = 136C1DFE1CBCD75A006E5546 /* ViewController.swift */; };
		136C1E021CBCD75A006E5546 /* Main.storyboard in Resources */ = {isa = PBXBuildFile; fileRef = 136C1E001CBCD75A006E5546 /* Main.storyboard */; };
		136C1E041CBCD75A006E5546 /* Assets.xcassets in Resources */ = {isa = PBXBuildFile; fileRef = 136C1E031CBCD75A006E5546 /* Assets.xcassets */; };
		136C1E071CBCD75A006E5546 /* LaunchScreen.storyboard in Resources */ = {isa = PBXBuildFile; fileRef = 136C1E051CBCD75A006E5546 /* LaunchScreen.storyboard */; };
		136C1E121CBCD75B006E5546 /* MoonshotDemoTests.swift in Sources */ = {isa = PBXBuildFile; fileRef = 136C1E111CBCD75B006E5546 /* MoonshotDemoTests.swift */; };
/* End PBXBuildFile section */

/* Begin PBXContainerItemProxy section */
		136C1E0E1CBCD75B006E5546 /* PBXContainerItemProxy */ = {
			isa = PBXContainerItemProxy;
			containerPortal = 136C1DF11CBCD75A006E5546 /* Project object */;
			proxyType = 1;
			remoteGlobalIDString = 136C1DF81CBCD75A006E5546;
			remoteInfo = MoonshotDemo;
		};
/* End PBXContainerItemProxy section */

/* Begin PBXFileReference section */
		136C1DF91CBCD75A006E5546 /* MoonshotDemo.app */ = {isa = PBXFileReference; explicitFileType = wrapper.application; includeInIndex = 0; path = MoonshotDemo.app; sourceTree = BUILT_PRODUCTS_DIR; };
		136C1DFC1CBCD75A006E5546 /* AppDelegate.swift */ = {isa = PBXFileReference; lastKnownFileType = sourcecode.swift; path = AppDelegate.swift; sourceTree = "<group>"; };
		136C1DFE1CBCD75A006E5546 /* ViewController.swift */ = {isa = PBXFileReference; lastKnownFileType = sourcecode.swift; path = ViewController.swift; sourceTree = "<group>"; };
		136C1E011CBCD75A006E5546 /* Base */ = {isa = PBXFileReference; lastKnownFileType = file.storyboard; name = Base; path = Base.lproj/Main.storyboard; sourceTree = "<group>"; };
		136C1E031CBCD75A006E5546 /* Assets.xcassets */ = {isa = PBXFileReference; lastKnownFileType = folder.assetcatalog; path = Assets.xcassets; sourceTree = "<group>"; };
		136C1E061CBCD75A006E5546 /* Base */ = {isa = PBXFileReference; lastKnownFileType = file.storyboard; name = Base; path = Base.lproj/LaunchScreen.storyboard; sourceTree = "<group>"; };
		136C1E081CBCD75A006E5546 /* Info.plist */ = {isa = PBXFileReference; lastKnownFileType = text.plist.xml; path = Info.plist; sourceTree = "<group>"; };
		136C1E0D1CBCD75B006E5546 /* MoonshotDemoTests.xctest */ = {isa = PBXFileReference; explicitFileType = wrapper.cfbundle; includeInIndex = 0; path = MoonshotDemoTests.xctest; sourceTree = BUILT_PRODUCTS_DIR; };
		136C1E111CBCD75B006E5546 /* MoonshotDemoTests.swift */ = {isa = PBXFileReference; lastKnownFileType = sourcecode.swift; path = MoonshotDemoTests.swift; sourceTree = "<group>"; };
		136C1E131CBCD75B006E5546 /* Info.plist */ = {isa = PBXFileReference; lastKnownFileType = text.plist.xml; path = Info.plist; sourceTree = "<group>"; };
/* End PBXFileReference section */

/* Begin PBXFrameworksBuildPhase section */
		136C1DF61CBCD75A006E5546 /* Frameworks */ = {
			isa = PBXFrameworksBuildPhase;
			buildActionMask = 2147483647;
			files = (
			);
			runOnlyForDeploymentPostprocessing = 0;
		};
		136C1E0A1CBCD75B006E5546 /* Frameworks */ = {
			isa = PBXFrameworksBuildPhase;
			buildActionMask = 2147483647;
			files = (
			);
			runOnlyForDeploymentPostprocessing = 0;
		};
/* End PBXFrameworksBuildPhase section */

/* Begin PBXGroup section */
		136C1DF01CBCD75A006E5546 = {
			isa = PBXGroup;
			children = (
				136C1DFB1CBCD75A006E5546 /* MoonshotDemo */,
				136C1E101CBCD75B006E5546 /* MoonshotDemoTests */,
				136C1DFA1CBCD75A006E5546 /* Products */,
			);
			sourceTree = "<group>";
		};
		136C1DFA1CBCD75A006E5546 /* Products */ = {
			isa = PBXGroup;
			children = (
				136C1DF91CBCD75A006E5546 /* MoonshotDemo.app */,
				136C1E0D1CBCD75B006E5546 /* MoonshotDemoTests.xctest */,
			);
			name = Products;
			sourceTree = "<group>";
		};
		136C1DFB1CBCD75A006E5546 /* MoonshotDemo */ = {
			isa = PBXGroup;
			children = (
				136C1DFC1CBCD75A006E5546 /* AppDelegate.swift */,
				136C1DFE1CBCD75A006E5546 /* ViewController.swift */,
				136C1E001CBCD75A006E5546 /* Main.storyboard */,
				136C1E031CBCD75A006E5546 /* Assets.xcassets */,
				136C1E051CBCD75A006E5546 /* LaunchScreen.storyboard */,
				136C1E081CBCD75A006E5546 /* Info.plist */,
			);
			path = MoonshotDemo;
			sourceTree = "<group>";
		};
		136C1E101CBCD75B006E5546 /* MoonshotDemoTests */ = {
			isa = PBXGroup;
			children = (
				136C1E111CBCD75B006E5546 /* MoonshotDemoTests.swift */,
				136C1E131CBCD75B006E5546 /* Info.plist */,
			);
			path = MoonshotDemoTests;
			sourceTree = "<group>";
		};
/* End PBXGroup section */

/* Begin PBXNativeTarget section */
		136C1DF81CBCD75A006E5546 /* MoonshotDemo */ = {
			isa = PBXNativeTarget;
			buildConfigurationList = 136C1E161CBCD75B006E5546 /* Build configuration list for PBXNativeTarget "MoonshotDemo" */;
			buildPhases = (
				136C1DF51CBCD75A006E5546 /* Sources */,
				136C1DF61CBCD75A006E5546 /* Frameworks */,
				136C1DF71CBCD75A006E5546 /* Resources */,
			);
			buildRules = (
			);
			dependencies = (
			);
			name = MoonshotDemo;
			productName = MoonshotDemo;
			productReference = 136C1DF91CBCD75A006E5546 /* MoonshotDemo.app */;
			productType = "com.apple.product-type.application";
		};
		136C1E0C1CBCD75B006E5546 /* MoonshotDemoTests */ = {
			isa = PBXNativeTarget;
			buildConfigurationList = 136C1E191CBCD75B006E5546 /* Build configuration list for PBXNativeTarget "MoonshotDemoTests" */;
			buildPhases = (
				136C1E091CBCD75B006E5546 /* Sources */,
				136C1E0A1CBCD75B006E5546 /* Frameworks */,
				136C1E0B1CBCD75B006E5546 /* Resources */,
			);
			buildRules = (
			);
			dependencies = (
				136C1E0F1CBCD75B006E5546 /* PBXTargetDependency */,
			);
			name = MoonshotDemoTests;
			productName = MoonshotDemoTests;
			productReference = 136C1E0D1CBCD75B006E5546 /* MoonshotDemoTests.xctest */;
			productType = "com.apple.product-type.bundle.unit-test";
		};
/* End PBXNativeTarget section */

/* Begin PBXProject section */
		136C1DF11CBCD75A006E5546 /* Project object */ = {
			isa = PBXProject;
			attributes = {
				LastSwiftUpdateCheck = 0720;
				LastUpgradeCheck = 0720;
				ORGANIZATIONNAME = Dachang;
				TargetAttributes = {
					136C1DF81CBCD75A006E5546 = {
						CreatedOnToolsVersion = 7.2.1;
					};
					136C1E0C1CBCD75B006E5546 = {
						CreatedOnToolsVersion = 7.2.1;
						TestTargetID = 136C1DF81CBCD75A006E5546;
					};
				};
			};
			buildConfigurationList = 136C1DF41CBCD75A006E5546 /* Build configuration list for PBXProject "MoonshotDemo" */;
			compatibilityVersion = "Xcode 3.2";
			developmentRegion = English;
			hasScannedForEncodings = 0;
			knownRegions = (
				en,
				Base,
			);
			mainGroup = 136C1DF01CBCD75A006E5546;
			productRefGroup = 136C1DFA1CBCD75A006E5546 /* Products */;
			projectDirPath = "";
			projectRoot = "";
			targets = (
				136C1DF81CBCD75A006E5546 /* MoonshotDemo */,
				136C1E0C1CBCD75B006E5546 /* MoonshotDemoTests */,
			);
		};
/* End PBXProject section */

/* Begin PBXResourcesBuildPhase section */
		136C1DF71CBCD75A006E5546 /* Resources */ = {
			isa = PBXResourcesBuildPhase;
			buildActionMask = 2147483647;
			files = (
				136C1E071CBCD75A006E5546 /* LaunchScreen.storyboard in Resources */,
				136C1E041CBCD75A006E5546 /* Assets.xcassets in Resources */,
				136C1E021CBCD75A006E5546 /* Main.storyboard in Resources */,
			);
			runOnlyForDeploymentPostprocessing = 0;
		};
		136C1E0B1CBCD75B006E5546 /* Resources */ = {
			isa = PBXResourcesBuildPhase;
			buildActionMask = 2147483647;
			files = (
			);
			runOnlyForDeploymentPostprocessing = 0;
		};
/* End PBXResourcesBuildPhase section */

/* Begin PBXSourcesBuildPhase section */
		136C1DF51CBCD75A006E5546 /* Sources */ = {
			isa = PBXSourcesBuildPhase;
			buildActionMask = 2147483647;
			files = (
				136C1DFF1CBCD75A006E5546 /* ViewController.swift in Sources */,
				136C1DFD1CBCD75A006E5546 /* AppDelegate.swift in Sources */,
			);
			runOnlyForDeploymentPostprocessing = 0;
		};
		136C1E091CBCD75B006E5546 /* Sources */ = {
			isa = PBXSourcesBuildPhase;
			buildActionMask = 2147483647;
			files = (
				136C1E121CBCD75B006E5546 /* MoonshotDemoTests.swift in Sources */,
			);
			runOnlyForDeploymentPostprocessing = 0;
		};
/* End PBXSourcesBuildPhase section */

/* Begin PBXTargetDependency section */
		136C1E0F1CBCD75B006E5546 /* PBXTargetDependency */ = {
			isa = PBXTargetDependency;
			target = 136C1DF81CBCD75A006E5546 /* MoonshotDemo */;
			targetProxy = 136C1E0E1CBCD75B006E5546 /* PBXContainerItemProxy */;
		};
/* End PBXTargetDependency section */

/* Begin PBXVariantGroup section */
		136C1E001CBCD75A006E5546 /* Main.storyboard */ = {
			isa = PBXVariantGroup;
			children = (
				136C1E011CBCD75A006E5546 /* Base */,
			);
			name = Main.storyboard;
			sourceTree = "<group>";
		};
		136C1E051CBCD75A006E5546 /* LaunchScreen.storyboard */ = {
			isa = PBXVariantGroup;
			children = (
				136C1E061CBCD75A006E5546 /* Base */,
			);
			name = LaunchScreen.storyboard;
			sourceTree = "<group>";
		};
/* End PBXVariantGroup section */

/* Begin XCBuildConfiguration section */
		136C1E141CBCD75B006E5546 /* Debug */ = {
			isa = XCBuildConfiguration;
			buildSettings = {
				ALWAYS_SEARCH_USER_PATHS = NO;
				CLANG_CXX_LANGUAGE_STANDARD = "gnu++0x";
				CLANG_CXX_LIBRARY = "libc++";
				CLANG_ENABLE_MODULES = YES;
				CLANG_ENABLE_OBJC_ARC = YES;
				CLANG_WARN_BOOL_CONVERSION = YES;
				CLANG_WARN_CONSTANT_CONVERSION = YES;
				CLANG_WARN_DIRECT_OBJC_ISA_USAGE = YES_ERROR;
				CLANG_WARN_EMPTY_BODY = YES;
				CLANG_WARN_ENUM_CONVERSION = YES;
				CLANG_WARN_INT_CONVERSION = YES;
				CLANG_WARN_OBJC_ROOT_CLASS = YES_ERROR;
				CLANG_WARN_UNREACHABLE_CODE = YES;
				CLANG_WARN__DUPLICATE_METHOD_MATCH = YES;
				"CODE_SIGN_IDENTITY[sdk=iphoneos*]" = "iPhone Developer";
				COPY_PHASE_STRIP = NO;
				DEBUG_INFORMATION_FORMAT = dwarf;
				ENABLE_STRICT_OBJC_MSGSEND = YES;
				ENABLE_TESTABILITY = YES;
				GCC_C_LANGUAGE_STANDARD = gnu99;
				GCC_DYNAMIC_NO_PIC = NO;
				GCC_NO_COMMON_BLOCKS = YES;
				GCC_OPTIMIZATION_LEVEL = 0;
				GCC_PREPROCESSOR_DEFINITIONS = (
					"DEBUG=1",
					"$(inherited)",
				);
				GCC_WARN_64_TO_32_BIT_CONVERSION = YES;
				GCC_WARN_ABOUT_RETURN_TYPE = YES_ERROR;
				GCC_WARN_UNDECLARED_SELECTOR = YES;
				GCC_WARN_UNINITIALIZED_AUTOS = YES_AGGRESSIVE;
				GCC_WARN_UNUSED_FUNCTION = YES;
				GCC_WARN_UNUSED_VARIABLE = YES;
				IPHONEOS_DEPLOYMENT_TARGET = 9.2;
				MTL_ENABLE_DEBUG_INFO = YES;
				ONLY_ACTIVE_ARCH = YES;
				SDKROOT = iphoneos;
				SWIFT_OPTIMIZATION_LEVEL = "-Onone";
				TARGETED_DEVICE_FAMILY = 2;
			};
			name = Debug;
		};
		136C1E151CBCD75B006E5546 /* Release */ = {
			isa = XCBuildConfiguration;
			buildSettings = {
				ALWAYS_SEARCH_USER_PATHS = NO;
				CLANG_CXX_LANGUAGE_STANDARD = "gnu++0x";
				CLANG_CXX_LIBRARY = "libc++";
				CLANG_ENABLE_MODULES = YES;
				CLANG_ENABLE_OBJC_ARC = YES;
				CLANG_WARN_BOOL_CONVERSION = YES;
				CLANG_WARN_CONSTANT_CONVERSION = YES;
				CLANG_WARN_DIRECT_OBJC_ISA_USAGE = YES_ERROR;
				CLANG_WARN_EMPTY_BODY = YES;
				CLANG_WARN_ENUM_CONVERSION = YES;
				CLANG_WARN_INT_CONVERSION = YES;
				CLANG_WARN_OBJC_ROOT_CLASS = YES_ERROR;
				CLANG_WARN_UNREACHABLE_CODE = YES;
				CLANG_WARN__DUPLICATE_METHOD_MATCH = YES;
				"CODE_SIGN_IDENTITY[sdk=iphoneos*]" = "iPhone Developer";
				COPY_PHASE_STRIP = NO;
				DEBUG_INFORMATION_FORMAT = "dwarf-with-dsym";
				ENABLE_NS_ASSERTIONS = NO;
				ENABLE_STRICT_OBJC_MSGSEND = YES;
				GCC_C_LANGUAGE_STANDARD = gnu99;
				GCC_NO_COMMON_BLOCKS = YES;
				GCC_WARN_64_TO_32_BIT_CONVERSION = YES;
				GCC_WARN_ABOUT_RETURN_TYPE = YES_ERROR;
				GCC_WARN_UNDECLARED_SELECTOR = YES;
				GCC_WARN_UNINITIALIZED_AUTOS = YES_AGGRESSIVE;
				GCC_WARN_UNUSED_FUNCTION = YES;
				GCC_WARN_UNUSED_VARIABLE = YES;
				IPHONEOS_DEPLOYMENT_TARGET = 9.2;
				MTL_ENABLE_DEBUG_INFO = NO;
				SDKROOT = iphoneos;
				TARGETED_DEVICE_FAMILY = 2;
				VALIDATE_PRODUCT = YES;
			};
			name = Release;
		};
		136C1E171CBCD75B006E5546 /* Debug */ = {
			isa = XCBuildConfiguration;
			buildSettings = {
				ASSETCATALOG_COMPILER_APPICON_NAME = AppIcon;
				INFOPLIST_FILE = MoonshotDemo/Info.plist;
				LD_RUNPATH_SEARCH_PATHS = "$(inherited) @executable_path/Frameworks";
				PRODUCT_BUNDLE_IDENTIFIER = com.OceanDev.MoonshotDemo;
				PRODUCT_NAME = "$(TARGET_NAME)";
			};
			name = Debug;
		};
		136C1E181CBCD75B006E5546 /* Release */ = {
			isa = XCBuildConfiguration;
			buildSettings = {
				ASSETCATALOG_COMPILER_APPICON_NAME = AppIcon;
				INFOPLIST_FILE = MoonshotDemo/Info.plist;
				LD_RUNPATH_SEARCH_PATHS = "$(inherited) @executable_path/Frameworks";
				PRODUCT_BUNDLE_IDENTIFIER = com.OceanDev.MoonshotDemo;
				PRODUCT_NAME = "$(TARGET_NAME)";
			};
			name = Release;
		};
		136C1E1A1CBCD75B006E5546 /* Debug */ = {
			isa = XCBuildConfiguration;
			buildSettings = {
				BUNDLE_LOADER = "$(TEST_HOST)";
				INFOPLIST_FILE = MoonshotDemoTests/Info.plist;
				LD_RUNPATH_SEARCH_PATHS = "$(inherited) @executable_path/Frameworks @loader_path/Frameworks";
				PRODUCT_BUNDLE_IDENTIFIER = com.OceanDev.MoonshotDemoTests;
				PRODUCT_NAME = "$(TARGET_NAME)";
				TEST_HOST = "$(BUILT_PRODUCTS_DIR)/MoonshotDemo.app/MoonshotDemo";
			};
			name = Debug;
		};
		136C1E1B1CBCD75B006E5546 /* Release */ = {
			isa = XCBuildConfiguration;
			buildSettings = {
				BUNDLE_LOADER = "$(TEST_HOST)";
				INFOPLIST_FILE = MoonshotDemoTests/Info.plist;
				LD_RUNPATH_SEARCH_PATHS = "$(inherited) @executable_path/Frameworks @loader_path/Frameworks";
				PRODUCT_BUNDLE_IDENTIFIER = com.OceanDev.MoonshotDemoTests;
				PRODUCT_NAME = "$(TARGET_NAME)";
				TEST_HOST = "$(BUILT_PRODUCTS_DIR)/MoonshotDemo.app/MoonshotDemo";
			};
			name = Release;
		};
/* End XCBuildConfiguration section */

/* Begin XCConfigurationList section */
		136C1DF41CBCD75A006E5546 /* Build configuration list for PBXProject "MoonshotDemo" */ = {
			isa = XCConfigurationList;
			buildConfigurations = (
				136C1E141CBCD75B006E5546 /* Debug */,
				136C1E151CBCD75B006E5546 /* Release */,
			);
			defaultConfigurationIsVisible = 0;
			defaultConfigurationName = Release;
		};
		136C1E161CBCD75B006E5546 /* Build configuration list for PBXNativeTarget "MoonshotDemo" */ = {
			isa = XCConfigurationList;
			buildConfigurations = (
				136C1E171CBCD75B006E5546 /* Debug */,
				136C1E181CBCD75B006E5546 /* Release */,
			);
			defaultConfigurationIsVisible = 0;
		};
		136C1E191CBCD75B006E5546 /* Build configuration list for PBXNativeTarget "MoonshotDemoTests" */ = {
			isa = XCConfigurationList;
			buildConfigurations = (
				136C1E1A1CBCD75B006E5546 /* Debug */,
				136C1E1B1CBCD75B006E5546 /* Release */,
			);
			defaultConfigurationIsVisible = 0;
		};
/* End XCConfigurationList section */
	};
	rootObject = 136C1DF11CBCD75A006E5546 /* Project object */;
}
